
Microsoft Visual Studio Solution File, Format Version 12.00
Project("{FAE04EC0-301F-11D3-BF4B-00C04F79EFBC}") = "InvenireServer.Domain", "src\InvenireServer.Domain\InvenireServer.Domain.csproj", "{4CDF4F9B-5429-48B0-A80B-31D4EBE9D447}"
EndProject
Project("{FAE04EC0-301F-11D3-BF4B-00C04F79EFBC}") = "InvenireServer.Application", "src\InvenireServer.Application\InvenireServer.Application.csproj", "{6D4682A0-543E-4B83-9F04-AD1500F016FF}"
EndProject
Project("{FAE04EC0-301F-11D3-BF4B-00C04F79EFBC}") = "InvenireServer.Infrastructure", "src\InvenireServer.Infrastructure\InvenireServer.Infrastructure.csproj", "{D41D9375-8EF9-49EA-AB57-9FD3D8A2B74B}"
EndProject
Project("{FAE04EC0-301F-11D3-BF4B-00C04F79EFBC}") = "InvenireServer.Presentation", "src\InvenireServer.Presentation\InvenireServer.Presentation.csproj", "{92997C26-E0D5-4242-AE52-7B752497B960}"
EndProject
Project("{FAE04EC0-301F-11D3-BF4B-00C04F79EFBC}") = "InvenireServer.Tests", "tests\InvenireServer.Tests\InvenireServer.Tests.csproj", "{FC617820-46BF-4508-9EEE-3D98DD5CB133}"
EndProject
Project("{FAE04EC0-301F-11D3-BF4B-00C04F79EFBC}") = "InvenireServer.Email", "src\InvenireServer.Email\InvenireServer.Email.csproj", "{B423B916-C0BE-435D-8AD6-77DFDD1BCD4F}"
EndProject
Global
	GlobalSection(SolutionConfigurationPlatforms) = preSolution
		Debug|Any CPU = Debug|Any CPU
		Debug|x64 = Debug|x64
		Debug|x86 = Debug|x86
		Release|Any CPU = Release|Any CPU
		Release|x64 = Release|x64
		Release|x86 = Release|x86
	EndGlobalSection
	GlobalSection(ProjectConfigurationPlatforms) = postSolution
		{4CDF4F9B-5429-48B0-A80B-31D4EBE9D447}.Debug|Any CPU.ActiveCfg = Debug|Any CPU
		{4CDF4F9B-5429-48B0-A80B-31D4EBE9D447}.Debug|Any CPU.Build.0 = Debug|Any CPU
		{4CDF4F9B-5429-48B0-A80B-31D4EBE9D447}.Debug|x64.ActiveCfg = Debug|Any CPU
		{4CDF4F9B-5429-48B0-A80B-31D4EBE9D447}.Debug|x64.Build.0 = Debug|Any CPU
		{4CDF4F9B-5429-48B0-A80B-31D4EBE9D447}.Debug|x86.ActiveCfg = Debug|Any CPU
		{4CDF4F9B-5429-48B0-A80B-31D4EBE9D447}.Debug|x86.Build.0 = Debug|Any CPU
		{4CDF4F9B-5429-48B0-A80B-31D4EBE9D447}.Release|Any CPU.ActiveCfg = Release|Any CPU
		{4CDF4F9B-5429-48B0-A80B-31D4EBE9D447}.Release|Any CPU.Build.0 = Release|Any CPU
		{4CDF4F9B-5429-48B0-A80B-31D4EBE9D447}.Release|x64.ActiveCfg = Release|Any CPU
		{4CDF4F9B-5429-48B0-A80B-31D4EBE9D447}.Release|x64.Build.0 = Release|Any CPU
		{4CDF4F9B-5429-48B0-A80B-31D4EBE9D447}.Release|x86.ActiveCfg = Release|Any CPU
		{4CDF4F9B-5429-48B0-A80B-31D4EBE9D447}.Release|x86.Build.0 = Release|Any CPU
		{6D4682A0-543E-4B83-9F04-AD1500F016FF}.Debug|Any CPU.ActiveCfg = Debug|Any CPU
		{6D4682A0-543E-4B83-9F04-AD1500F016FF}.Debug|Any CPU.Build.0 = Debug|Any CPU
		{6D4682A0-543E-4B83-9F04-AD1500F016FF}.Debug|x64.ActiveCfg = Debug|Any CPU
		{6D4682A0-543E-4B83-9F04-AD1500F016FF}.Debug|x64.Build.0 = Debug|Any CPU
		{6D4682A0-543E-4B83-9F04-AD1500F016FF}.Debug|x86.ActiveCfg = Debug|Any CPU
		{6D4682A0-543E-4B83-9F04-AD1500F016FF}.Debug|x86.Build.0 = Debug|Any CPU
		{6D4682A0-543E-4B83-9F04-AD1500F016FF}.Release|Any CPU.ActiveCfg = Release|Any CPU
		{6D4682A0-543E-4B83-9F04-AD1500F016FF}.Release|Any CPU.Build.0 = Release|Any CPU
		{6D4682A0-543E-4B83-9F04-AD1500F016FF}.Release|x64.ActiveCfg = Release|Any CPU
		{6D4682A0-543E-4B83-9F04-AD1500F016FF}.Release|x64.Build.0 = Release|Any CPU
		{6D4682A0-543E-4B83-9F04-AD1500F016FF}.Release|x86.ActiveCfg = Release|Any CPU
		{6D4682A0-543E-4B83-9F04-AD1500F016FF}.Release|x86.Build.0 = Release|Any CPU
		{D41D9375-8EF9-49EA-AB57-9FD3D8A2B74B}.Debug|Any CPU.ActiveCfg = Debug|Any CPU
		{D41D9375-8EF9-49EA-AB57-9FD3D8A2B74B}.Debug|Any CPU.Build.0 = Debug|Any CPU
		{D41D9375-8EF9-49EA-AB57-9FD3D8A2B74B}.Debug|x64.ActiveCfg = Debug|Any CPU
		{D41D9375-8EF9-49EA-AB57-9FD3D8A2B74B}.Debug|x64.Build.0 = Debug|Any CPU
		{D41D9375-8EF9-49EA-AB57-9FD3D8A2B74B}.Debug|x86.ActiveCfg = Debug|Any CPU
		{D41D9375-8EF9-49EA-AB57-9FD3D8A2B74B}.Debug|x86.Build.0 = Debug|Any CPU
		{D41D9375-8EF9-49EA-AB57-9FD3D8A2B74B}.Release|Any CPU.ActiveCfg = Release|Any CPU
		{D41D9375-8EF9-49EA-AB57-9FD3D8A2B74B}.Release|Any CPU.Build.0 = Release|Any CPU
		{D41D9375-8EF9-49EA-AB57-9FD3D8A2B74B}.Release|x64.ActiveCfg = Release|Any CPU
		{D41D9375-8EF9-49EA-AB57-9FD3D8A2B74B}.Release|x64.Build.0 = Release|Any CPU
		{D41D9375-8EF9-49EA-AB57-9FD3D8A2B74B}.Release|x86.ActiveCfg = Release|Any CPU
		{D41D9375-8EF9-49EA-AB57-9FD3D8A2B74B}.Release|x86.Build.0 = Release|Any CPU
		{92997C26-E0D5-4242-AE52-7B752497B960}.Debug|Any CPU.ActiveCfg = Debug|Any CPU
		{92997C26-E0D5-4242-AE52-7B752497B960}.Debug|Any CPU.Build.0 = Debug|Any CPU
		{92997C26-E0D5-4242-AE52-7B752497B960}.Debug|x64.ActiveCfg = Debug|Any CPU
		{92997C26-E0D5-4242-AE52-7B752497B960}.Debug|x64.Build.0 = Debug|Any CPU
		{92997C26-E0D5-4242-AE52-7B752497B960}.Debug|x86.ActiveCfg = Debug|Any CPU
		{92997C26-E0D5-4242-AE52-7B752497B960}.Debug|x86.Build.0 = Debug|Any CPU
		{92997C26-E0D5-4242-AE52-7B752497B960}.Release|Any CPU.ActiveCfg = Release|Any CPU
		{92997C26-E0D5-4242-AE52-7B752497B960}.Release|Any CPU.Build.0 = Release|Any CPU
		{92997C26-E0D5-4242-AE52-7B752497B960}.Release|x64.ActiveCfg = Release|Any CPU
		{92997C26-E0D5-4242-AE52-7B752497B960}.Release|x64.Build.0 = Release|Any CPU
		{92997C26-E0D5-4242-AE52-7B752497B960}.Release|x86.ActiveCfg = Release|Any CPU
		{92997C26-E0D5-4242-AE52-7B752497B960}.Release|x86.Build.0 = Release|Any CPU
		{FC617820-46BF-4508-9EEE-3D98DD5CB133}.Debug|Any CPU.ActiveCfg = Debug|Any CPU
		{FC617820-46BF-4508-9EEE-3D98DD5CB133}.Debug|Any CPU.Build.0 = Debug|Any CPU
		{FC617820-46BF-4508-9EEE-3D98DD5CB133}.Debug|x64.ActiveCfg = Debug|Any CPU
		{FC617820-46BF-4508-9EEE-3D98DD5CB133}.Debug|x64.Build.0 = Debug|Any CPU
		{FC617820-46BF-4508-9EEE-3D98DD5CB133}.Debug|x86.ActiveCfg = Debug|Any CPU
		{FC617820-46BF-4508-9EEE-3D98DD5CB133}.Debug|x86.Build.0 = Debug|Any CPU
		{FC617820-46BF-4508-9EEE-3D98DD5CB133}.Release|Any CPU.ActiveCfg = Release|Any CPU
		{FC617820-46BF-4508-9EEE-3D98DD5CB133}.Release|Any CPU.Build.0 = Release|Any CPU
		{FC617820-46BF-4508-9EEE-3D98DD5CB133}.Release|x64.ActiveCfg = Release|Any CPU
		{FC617820-46BF-4508-9EEE-3D98DD5CB133}.Release|x64.Build.0 = Release|Any CPU
		{FC617820-46BF-4508-9EEE-3D98DD5CB133}.Release|x86.ActiveCfg = Release|Any CPU
		{FC617820-46BF-4508-9EEE-3D98DD5CB133}.Release|x86.Build.0 = Release|Any CPU
		{B423B916-C0BE-435D-8AD6-77DFDD1BCD4F}.Debug|Any CPU.ActiveCfg = Debug|Any CPU
		{B423B916-C0BE-435D-8AD6-77DFDD1BCD4F}.Debug|Any CPU.Build.0 = Debug|Any CPU
		{B423B916-C0BE-435D-8AD6-77DFDD1BCD4F}.Debug|x64.ActiveCfg = Debug|Any CPU
		{B423B916-C0BE-435D-8AD6-77DFDD1BCD4F}.Debug|x64.Build.0 = Debug|Any CPU
		{B423B916-C0BE-435D-8AD6-77DFDD1BCD4F}.Debug|x86.ActiveCfg = Debug|Any CPU
		{B423B916-C0BE-435D-8AD6-77DFDD1BCD4F}.Debug|x86.Build.0 = Debug|Any CPU
		{B423B916-C0BE-435D-8AD6-77DFDD1BCD4F}.Release|Any CPU.ActiveCfg = Release|Any CPU
		{B423B916-C0BE-435D-8AD6-77DFDD1BCD4F}.Release|Any CPU.Build.0 = Release|Any CPU
		{B423B916-C0BE-435D-8AD6-77DFDD1BCD4F}.Release|x64.ActiveCfg = Release|Any CPU
		{B423B916-C0BE-435D-8AD6-77DFDD1BCD4F}.Release|x64.Build.0 = Release|Any CPU
		{B423B916-C0BE-435D-8AD6-77DFDD1BCD4F}.Release|x86.ActiveCfg = Release|Any CPU
		{B423B916-C0BE-435D-8AD6-77DFDD1BCD4F}.Release|x86.Build.0 = Release|Any CPU
	EndGlobalSection
	GlobalSection(SolutionProperties) = preSolution
		HideSolutionNode = FALSE
	EndGlobalSection
	GlobalSection(NestedProjects) = preSolution
		{B423B916-C0BE-435D-8AD6-77DFDD1BCD4F} = {827E0CD3-B72D-47B6-A68D-7590B98EB39B}
	EndGlobalSection
EndGlobal
